
Microsoft Visual Studio Solution File, Format Version 12.00
# Visual Studio Version 17
VisualStudioVersion = 17.3.32929.385
MinimumVisualStudioVersion = 10.0.40219.1
Project("{FAE04EC0-301F-11D3-BF4B-00C04F79EFBC}") = "Translate", "Translate\Translate.csproj", "{37940E68-7DB0-4CC5-B7C5-B4E504726984}"
EndProject
Global
	GlobalSection(SolutionConfigurationPlatforms) = preSolution
		Debug|Any CPU = Debug|Any CPU
		Release|Any CPU = Release|Any CPU
	EndGlobalSection
	GlobalSection(ProjectConfigurationPlatforms) = postSolution
		{37940E68-7DB0-4CC5-B7C5-B4E504726984}.Debug|Any CPU.ActiveCfg = Debug|Any CPU
		{37940E68-7DB0-4CC5-B7C5-B4E504726984}.Debug|Any CPU.Build.0 = Debug|Any CPU
		{37940E68-7DB0-4CC5-B7C5-B4E504726984}.Release|Any CPU.ActiveCfg = Release|Any CPU
		{37940E68-7DB0-4CC5-B7C5-B4E504726984}.Release|Any CPU.Build.0 = Release|Any CPU
	EndGlobalSection
	GlobalSection(SolutionProperties) = preSolution
		HideSolutionNode = FALSE
	EndGlobalSection
	GlobalSection(ExtensibilityGlobals) = postSolution
		SolutionGuid = {10227943-0C15-495A-8192-217A9CCCE866}
	EndGlobalSection
EndGlobal
